PODS:
  - FMDB (2.4):
    - FMDB/standard (= 2.4)
  - FMDB/common (2.4)
  - FMDB/FTS (2.4):
    - FMDB/standard
  - FMDB/standard (2.4):
    - FMDB/common
  - OCMock (3.1.2)
  - Reachability (3.2)
  - ZLTaskManager (0.1.1):
    - FMDB (= 2.4)
    - Reachability (= 3.2)

DEPENDENCIES:
  - FMDB/FTS (~> 2.4)
  - OCMock (~> 3.1)
  - ZLTaskManager (~> 0.1)

SPEC CHECKSUMS:
  FMDB: d274d9ff773415735022ac57bfba9f6002f9fed8
  OCMock: a10ea9f0a6e921651f96f78b6faee95ebc813b92
  Reachability: 33e18b67625424e47b6cde6d202dce689ad7af96
  ZLTaskManager: be34cd6130c6104fab0f809d9381a75ed5361626

COCOAPODS: 0.38.2
